
Microsoft Visual Studio Solution File, Format Version 12.00
# Visual Studio Version 17
VisualStudioVersion = 17.8.34316.72
MinimumVisualStudioVersion = 10.0.40219.1
Project("{FAE04EC0-301F-11D3-BF4B-00C04F79EFBC}") = "StringLibrary", "StringLibrary\StringLibrary.csproj", "{8726D16F-56E1-457A-91B6-E9A384BFC15D}"
EndProject
Global
	GlobalSection(SolutionConfigurationPlatforms) = preSolution
		Debug|Any CPU = Debug|Any CPU
		Release|Any CPU = Release|Any CPU
	EndGlobalSection
	GlobalSection(ProjectConfigurationPlatforms) = postSolution
		{8726D16F-56E1-457A-91B6-E9A384BFC15D}.Debug|Any CPU.ActiveCfg = Debug|Any CPU
		{8726D16F-56E1-457A-91B6-E9A384BFC15D}.Debug|Any CPU.Build.0 = Debug|Any CPU
		{8726D16F-56E1-457A-91B6-E9A384BFC15D}.Release|Any CPU.ActiveCfg = Release|Any CPU
		{8726D16F-56E1-457A-91B6-E9A384BFC15D}.Release|Any CPU.Build.0 = Release|Any CPU
	EndGlobalSection
	GlobalSection(SolutionProperties) = preSolution
		HideSolutionNode = FALSE
	EndGlobalSection
	GlobalSection(ExtensibilityGlobals) = postSolution
		SolutionGuid = {A11C5EDC-0FCE-47B1-BE54-3BFB4D4BCC64}
	EndGlobalSection
EndGlobal
